github.com/PuerkitoBio/goquery v1.5.0 h1:uGvmFXOA73IKluu/F84Xd1tt/z07GYm8X49XKHP7EJk=
github.com/PuerkitoBio/goquery v1.5.0/go.mod h1:qD2PgZ9lccMbQlc7eEOjaeRlFQON7xY8kdmcsrnKqMg=
github.com/andybalholm/cascadia v1.0.0 h1:hOCXnnZ5A+3eVDX8pvgl4kofXv2ELss0bKcqRySc45o=
github.com/andybalholm/cascadia v1.0.0/go.mod h1:GsXiBklL0woXo1j/WYWtSYYC4ouU9PqHO0sqidkEA4Y=
github.com/bwmarrin/discordgo v0.19.0 h1:kMED/DB0NR1QhRcalb85w0Cu3Ep2OrGAqZH1R5awQiY=
github.com/bwmarrin/discordgo v0.19.0/go.mod h1:O9S4p+ofTFwB02em7jkpkV8M3R0/PUVOwN61zSZ0r4Q=
github.com/gorilla/websocket v1.4.0 h1:WDFjx/TMzVgy9VdMMQi2K2Emtwi2QcUQsztZ/zLaH/Q=
github.com/gorilla/websocket v1.4.0/go.mod h1:E7qHFY5m1UJ88s3WnNqhKjPHQ0heANvMoAMk2YaljkQ=
github.com/mattn/go-sqlite3 v1.10.0 h1:jbhqpg7tQe4SupckyijYiy0mJJ/pRyHvXf7JdWK860o=
github.com/mattn/go-sqlite3 v1.10.0/go.mod h1:FPy6KqzDD04eiIsT53CuJW3U88zkxoIYsOqkbpncsNc=
github.com/mmcdole/gofeed v1.0.0-beta2 h1:CjQ0ADhAwNSb08zknAkGOEYqr8zfZKfrzgk9BxpWP2E=
github.com/mmcdole/gofeed v1.0.0-beta2/go.mod h1:/BF9JneEL2/flujm8XHoxUcghdTV6vvb3xx/vKyChFU=
github.com/mmcdole/goxpp v0.0.0-20181012175147-0068e33feabf h1:sWGE2v+hO0Nd4yFU/S/mDBM5plIU8v/Qhfz41hkDIAI=
github.com/mmcdole/goxpp v0.0.0-20181012175147-0068e33feabf/go.mod h1:pasqhqstspkosTneA62Nc+2p9SOBBYAPbnmRRWPQ0V8=
golang.org/x/crypto v0.0.0-20181030102418-4d3f4d9ffa16 h1:y6ce7gCWtnH+m3dCjzQ1PCuwl28DDIc3VNnvY29DlIA=
golang.org/x/crypto v0.0.0-20181030102418-4d3f4d9ffa16/go.mod h1:6SG95UA2DQfeDnfUPMdvaQW0Q7yPrPDi9nlGo2tz2b4=
golang.org/x/crypto v0.0.0-20190308221718-c2843e01d9a2 h1:VklqNMn3ovrHsnt90PveolxSbWFaJdECFbxSq0Mqo2M=
golang.org/x/crypto v0.0.0-20190308221718-c2843e01d9a2/go.mod h1:djNgcEr1/C05ACkg1iLfiJU5Ep61QUkGW8qpdssI0+w=
golang.org/x/net v0.0.0-20180218175443-cbe0f9307d01/go.mod h1:mL1N/T3taQHkDXs73rZJwtUhF3w3ftmwwsq0BUmARs4=
golang.org/x/net v0.0.0-20181114220301-adae6a3d119a/go.mod h1:mL1N/T3taQHkDXs73rZJwtUhF3w3ftmwwsq0BUmARs4=
golang.org/x/net v0.0.0-20190313220215-9f648a60d977 h1:actzWV6iWn3GLqN8dZjzsB+CLt+gaV2+wsxroxiQI8I=
golang.org/x/net v0.0.0-20190313220215-9f648a60d977/go.mod h1:t9HGtf8HONx5eT2rtn7q6eTqICYqUVnKs3thJo3Qplg=
golang.org/x/sys v0.0.0-20190215142949-d0b11bdaac8a/go.mod h1:STP8DvDyc/dI5b8T5hshtkjS+E42TnysNCUPdjciGhY=
golang.org/x/text v0.3.0 h1:g61tztE5qeGQ89tm6NTjjM9VPIm088od1l6aSorWRWg=
golang.org/x/text v0.3.0/go.mod h1:NqM8EUOU14njkJ3fqMW+pc6Ldnwhi/IjpwHt7yyuwOQ=
